
Microsoft Visual Studio Solution File, Format Version 12.00
# Visual Studio Version 17
VisualStudioVersion = 17.10.35122.118
MinimumVisualStudioVersion = 10.0.40219.1
Project("{9A19103F-16F7-4668-BE54-9A1E7A4F7556}") = "Arc4u.Cyphertool", "Arc4u.Cyphertool.csproj", "{56F1BF9C-A301-4F6C-8819-9F5FB3B43736}"
EndProject
Global
	GlobalSection(SolutionConfigurationPlatforms) = preSolution
		Debug|Any CPU = Debug|Any CPU
		Release|Any CPU = Release|Any CPU
	EndGlobalSection
	GlobalSection(ProjectConfigurationPlatforms) = postSolution
		{56F1BF9C-A301-4F6C-8819-9F5FB3B43736}.Debug|Any CPU.ActiveCfg = Debug|Any CPU
		{56F1BF9C-A301-4F6C-8819-9F5FB3B43736}.Debug|Any CPU.Build.0 = Debug|Any CPU
		{56F1BF9C-A301-4F6C-8819-9F5FB3B43736}.Release|Any CPU.ActiveCfg = Release|Any CPU
		{56F1BF9C-A301-4F6C-8819-9F5FB3B43736}.Release|Any CPU.Build.0 = Release|Any CPU
	EndGlobalSection
	GlobalSection(SolutionProperties) = preSolution
		HideSolutionNode = FALSE
	EndGlobalSection
	GlobalSection(ExtensibilityGlobals) = postSolution
		SolutionGuid = {4482EAC7-3D40-4FE4-BAAA-CEEE0B3F370B}
	EndGlobalSection
EndGlobal
